
Microsoft Visual Studio Solution File, Format Version 12.00
# Visual Studio Version 17
VisualStudioVersion = 17.1.32414.318
MinimumVisualStudioVersion = 10.0.40219.1
Project("{FAE04EC0-301F-11D3-BF4B-00C04F79EFBC}") = "Prototype-Pattern", "Prototype-Pattern\Prototype-Pattern.csproj", "{60DB7C75-189D-45B5-BFFE-E15C5979761D}"
EndProject
Project("{FAE04EC0-301F-11D3-BF4B-00C04F79EFBC}") = "Abstract-Factory", "Abstract-Factory\Abstract-Factory.csproj", "{F1A2DD81-A1DB-479E-9B80-32DD2564A3FB}"
EndProject
Global
	GlobalSection(SolutionConfigurationPlatforms) = preSolution
		Debug|Any CPU = Debug|Any CPU
		Release|Any CPU = Release|Any CPU
	EndGlobalSection
	GlobalSection(ProjectConfigurationPlatforms) = postSolution
		{60DB7C75-189D-45B5-BFFE-E15C5979761D}.Debug|Any CPU.ActiveCfg = Debug|Any CPU
		{60DB7C75-189D-45B5-BFFE-E15C5979761D}.Debug|Any CPU.Build.0 = Debug|Any CPU
		{60DB7C75-189D-45B5-BFFE-E15C5979761D}.Release|Any CPU.ActiveCfg = Release|Any CPU
		{60DB7C75-189D-45B5-BFFE-E15C5979761D}.Release|Any CPU.Build.0 = Release|Any CPU
		{F1A2DD81-A1DB-479E-9B80-32DD2564A3FB}.Debug|Any CPU.ActiveCfg = Debug|Any CPU
		{F1A2DD81-A1DB-479E-9B80-32DD2564A3FB}.Debug|Any CPU.Build.0 = Debug|Any CPU
		{F1A2DD81-A1DB-479E-9B80-32DD2564A3FB}.Release|Any CPU.ActiveCfg = Release|Any CPU
		{F1A2DD81-A1DB-479E-9B80-32DD2564A3FB}.Release|Any CPU.Build.0 = Release|Any CPU
	EndGlobalSection
	GlobalSection(SolutionProperties) = preSolution
		HideSolutionNode = FALSE
	EndGlobalSection
	GlobalSection(ExtensibilityGlobals) = postSolution
		SolutionGuid = {52C3A3F7-10B3-41E5-BAD1-AA4A8F281451}
	EndGlobalSection
EndGlobal
